
Microsoft Visual Studio Solution File, Format Version 10.00
# Visual Studio 2008
Project("{FAE04EC0-301F-11D3-BF4B-00C04F79EFBC}") = "FileControl", "FileControl.csproj", "{95A7165D-10C6-46A8-8F56-E07604438BDD}"
EndProject
Project("{54435603-DBB4-11D2-8724-00A0C9A8B90C}") = "FileControls_MSM", "Setup\FileControls_MSM.vdproj", "{7741A76F-9D52-425B-85B0-A288A1159636}"
EndProject
Global
	GlobalSection(TeamFoundationVersionControl) = preSolution
		SccNumberOfProjects = 3
		SccProjectUniqueName0 = FileControl.csproj
		SccLocalPath0 = .
		SccLocalPath1 = .
		SccProjectUniqueName2 = Setup\\FileControls_MSM.vdproj
		SccProjectName2 = \u0022$/Tools/FileControls/Setup\u0022,\u0020PECAAAAA
		SccLocalPath2 = Setup
	EndGlobalSection
	GlobalSection(SolutionConfigurationPlatforms) = preSolution
		Debug|Any CPU = Debug|Any CPU
		Release|Any CPU = Release|Any CPU
	EndGlobalSection
	GlobalSection(ProjectConfigurationPlatforms) = postSolution
		{95A7165D-10C6-46A8-8F56-E07604438BDD}.Debug|Any CPU.ActiveCfg = Debug|Any CPU
		{95A7165D-10C6-46A8-8F56-E07604438BDD}.Debug|Any CPU.Build.0 = Debug|Any CPU
		{95A7165D-10C6-46A8-8F56-E07604438BDD}.Release|Any CPU.ActiveCfg = Release|Any CPU
		{95A7165D-10C6-46A8-8F56-E07604438BDD}.Release|Any CPU.Build.0 = Release|Any CPU
		{7741A76F-9D52-425B-85B0-A288A1159636}.Debug|Any CPU.ActiveCfg = Debug
		{7741A76F-9D52-425B-85B0-A288A1159636}.Debug|Any CPU.Build.0 = Debug
		{7741A76F-9D52-425B-85B0-A288A1159636}.Release|Any CPU.ActiveCfg = Release
		{7741A76F-9D52-425B-85B0-A288A1159636}.Release|Any CPU.Build.0 = Release
	EndGlobalSection
	GlobalSection(SolutionProperties) = preSolution
		HideSolutionNode = FALSE
	EndGlobalSection
EndGlobal
